
Microsoft Visual Studio Solution File, Format Version 12.00
# Visual Studio Version 17
VisualStudioVersion = 17.6.33723.286
MinimumVisualStudioVersion = 10.0.40219.1
Project("{FAE04EC0-301F-11D3-BF4B-00C04F79EFBC}") = "NONTON.RF_TEST", "NONTON.RF_TEST\NONTON.RF_TEST.csproj", "{7591E2FE-B052-40F5-A9AD-F053265B92DA}"
EndProject
Global
	GlobalSection(SolutionConfigurationPlatforms) = preSolution
		Debug|Any CPU = Debug|Any CPU
		Release|Any CPU = Release|Any CPU
	EndGlobalSection
	GlobalSection(ProjectConfigurationPlatforms) = postSolution
		{7591E2FE-B052-40F5-A9AD-F053265B92DA}.Debug|Any CPU.ActiveCfg = Debug|Any CPU
		{7591E2FE-B052-40F5-A9AD-F053265B92DA}.Debug|Any CPU.Build.0 = Debug|Any CPU
		{7591E2FE-B052-40F5-A9AD-F053265B92DA}.Release|Any CPU.ActiveCfg = Release|Any CPU
		{7591E2FE-B052-40F5-A9AD-F053265B92DA}.Release|Any CPU.Build.0 = Release|Any CPU
	EndGlobalSection
	GlobalSection(SolutionProperties) = preSolution
		HideSolutionNode = FALSE
	EndGlobalSection
	GlobalSection(ExtensibilityGlobals) = postSolution
		SolutionGuid = {1DC49DB0-0546-4D80-8FF1-375274056107}
	EndGlobalSection
EndGlobal
